// !$*UTF8*$!
{
	archiveVersion = 1;
	classes = {
	};
	objectVersion = 50;
	objects = {

/* Begin PBXBuildFile section */
		38473BFC242553B200495685 /* AppDelegate.swift in Sources */ = {isa = PBXBuildFile; fileRef = 38473BFB242553B200495685 /* AppDelegate.swift */; };
		38473BFE242553B200495685 /* SceneDelegate.swift in Sources */ = {isa = PBXBuildFile; fileRef = 38473BFD242553B200495685 /* SceneDelegate.swift */; };
		38473C03242553B200495685 /* Main.storyboard in Resources */ = {isa = PBXBuildFile; fileRef = 38473C01242553B200495685 /* Main.storyboard */; };
		38473C05242553B400495685 /* Assets.xcassets in Resources */ = {isa = PBXBuildFile; fileRef = 38473C04242553B400495685 /* Assets.xcassets */; };
		38473C08242553B400495685 /* LaunchScreen.storyboard in Resources */ = {isa = PBXBuildFile; fileRef = 38473C06242553B400495685 /* LaunchScreen.storyboard */; };
		38473C2424255A4600495685 /* MSAlertViewController.swift in Sources */ = {isa = PBXBuildFile; fileRef = 38473C2324255A4600495685 /* MSAlertViewController.swift */; };
		38473C2624255AB000495685 /* MSBodyLabel.swift in Sources */ = {isa = PBXBuildFile; fileRef = 38473C2524255AB000495685 /* MSBodyLabel.swift */; };
		38473C2824255B6C00495685 /* MSTitleLabel.swift in Sources */ = {isa = PBXBuildFile; fileRef = 38473C2724255B6C00495685 /* MSTitleLabel.swift */; };
		38473C2A24255BC300495685 /* MSButton.swift in Sources */ = {isa = PBXBuildFile; fileRef = 38473C2924255BC300495685 /* MSButton.swift */; };
		38473C2C24255C9D00495685 /* SuperheroCell.swift in Sources */ = {isa = PBXBuildFile; fileRef = 38473C2B24255C9D00495685 /* SuperheroCell.swift */; };
		38473C2E24255CCE00495685 /* SquadMemberCell.swift in Sources */ = {isa = PBXBuildFile; fileRef = 38473C2D24255CCD00495685 /* SquadMemberCell.swift */; };
		38473C3024255D1500495685 /* MarvelNetworking.swift in Sources */ = {isa = PBXBuildFile; fileRef = 38473C2F24255D1500495685 /* MarvelNetworking.swift */; };
		38473C3224255D5600495685 /* SuperheroListViewController.swift in Sources */ = {isa = PBXBuildFile; fileRef = 38473C3124255D5600495685 /* SuperheroListViewController.swift */; };
		38473C3624255DF800495685 /* SuperheroDetailViewController.swift in Sources */ = {isa = PBXBuildFile; fileRef = 38473C3524255DF800495685 /* SuperheroDetailViewController.swift */; };
		38473C3924255EC800495685 /* UIViewController+Ext.swift in Sources */ = {isa = PBXBuildFile; fileRef = 38473C3824255EC800495685 /* UIViewController+Ext.swift */; };
		38473C3B24263A2500495685 /* HomeViewController.swift in Sources */ = {isa = PBXBuildFile; fileRef = 38473C3A24263A2500495685 /* HomeViewController.swift */; };
		38473C3D24264E2700495685 /* SuperheroModel.swift in Sources */ = {isa = PBXBuildFile; fileRef = 38473C3C24264E2700495685 /* SuperheroModel.swift */; };
		38473C4224267D4E00495685 /* SquadSupport.swift in Sources */ = {isa = PBXBuildFile; fileRef = 38473C4124267D4E00495685 /* SquadSupport.swift */; };
		385B36632427D72400652358 /* MarvelSquadsTests.swift in Sources */ = {isa = PBXBuildFile; fileRef = 385B36622427D72400652358 /* MarvelSquadsTests.swift */; };
		38DDDC512428DCE40097B6EA /* UIImageView+Ext.swift in Sources */ = {isa = PBXBuildFile; fileRef = 38DDDC502428DCE40097B6EA /* UIImageView+Ext.swift */; };
		38DDDC532428F2630097B6EA /* ThumbnailSupport.swift in Sources */ = {isa = PBXBuildFile; fileRef = 38DDDC522428F2630097B6EA /* ThumbnailSupport.swift */; };
		38DDDC5524292DA70097B6EA /* ComicModel.swift in Sources */ = {isa = PBXBuildFile; fileRef = 38DDDC5424292DA70097B6EA /* ComicModel.swift */; };
		38DDDC59242977B10097B6EA /* Thumbnail.swift in Sources */ = {isa = PBXBuildFile; fileRef = 38DDDC58242977B10097B6EA /* Thumbnail.swift */; };
		38DF7528242A0E2000AE9045 /* SquadSupport.swift in Sources */ = {isa = PBXBuildFile; fileRef = 38473C4124267D4E00495685 /* SquadSupport.swift */; };
		38DF752B242A161A00AE9045 /* ThumbnailSupport.swift in Sources */ = {isa = PBXBuildFile; fileRef = 38DDDC522428F2630097B6EA /* ThumbnailSupport.swift */; };
		38DF752C242A161E00AE9045 /* Thumbnail.swift in Sources */ = {isa = PBXBuildFile; fileRef = 38DDDC58242977B10097B6EA /* Thumbnail.swift */; };
		38DF752D242A162200AE9045 /* ComicModel.swift in Sources */ = {isa = PBXBuildFile; fileRef = 38DDDC5424292DA70097B6EA /* ComicModel.swift */; };
		38DF752E242A162800AE9045 /* SuperheroModel.swift in Sources */ = {isa = PBXBuildFile; fileRef = 38473C3C24264E2700495685 /* SuperheroModel.swift */; };
		38DF752F242A163200AE9045 /* MarvelNetworking.swift in Sources */ = {isa = PBXBuildFile; fileRef = 38473C2F24255D1500495685 /* MarvelNetworking.swift */; };
		38F4289A24297DD50026E724 /* ComicCell.swift in Sources */ = {isa = PBXBuildFile; fileRef = 38F4289924297DD50026E724 /* ComicCell.swift */; };
/* End PBXBuildFile section */

/* Begin PBXContainerItemProxy section */
		385B36652427D72400652358 /* PBXContainerItemProxy */ = {
			isa = PBXContainerItemProxy;
			containerPortal = 38473BF0242553B200495685 /* Project object */;
			proxyType = 1;
			remoteGlobalIDString = 38473BF7242553B200495685;
			remoteInfo = "Marvel-Squad";
		};
/* End PBXContainerItemProxy section */

/* Begin PBXFileReference section */
		38473BF8242553B200495685 /* Marvel Squads.app */ = {isa = PBXFileReference; explicitFileType = wrapper.application; includeInIndex = 0; path = "Marvel Squads.app"; sourceTree = BUILT_PRODUCTS_DIR; };
		38473BFB242553B200495685 /* AppDelegate.swift */ = {isa = PBXFileReference; lastKnownFileType = sourcecode.swift; path = AppDelegate.swift; sourceTree = "<group>"; };
		38473BFD242553B200495685 /* SceneDelegate.swift */ = {isa = PBXFileReference; lastKnownFileType = sourcecode.swift; path = SceneDelegate.swift; sourceTree = "<group>"; };
		38473C02242553B200495685 /* Base */ = {isa = PBXFileReference; lastKnownFileType = file.storyboard; name = Base; path = Base.lproj/Main.storyboard; sourceTree = "<group>"; };
		38473C04242553B400495685 /* Assets.xcassets */ = {isa = PBXFileReference; lastKnownFileType = folder.assetcatalog; path = Assets.xcassets; sourceTree = "<group>"; };
		38473C07242553B400495685 /* Base */ = {isa = PBXFileReference; lastKnownFileType = file.storyboard; name = Base; path = Base.lproj/LaunchScreen.storyboard; sourceTree = "<group>"; };
		38473C09242553B400495685 /* Info.plist */ = {isa = PBXFileReference; lastKnownFileType = text.plist.xml; path = Info.plist; sourceTree = "<group>"; };
		38473C2324255A4600495685 /* MSAlertViewController.swift */ = {isa = PBXFileReference; lastKnownFileType = sourcecode.swift; path = MSAlertViewController.swift; sourceTree = "<group>"; };
		38473C2524255AB000495685 /* MSBodyLabel.swift */ = {isa = PBXFileReference; lastKnownFileType = sourcecode.swift; path = MSBodyLabel.swift; sourceTree = "<group>"; };
		38473C2724255B6C00495685 /* MSTitleLabel.swift */ = {isa = PBXFileReference; lastKnownFileType = sourcecode.swift; path = MSTitleLabel.swift; sourceTree = "<group>"; };
		38473C2924255BC300495685 /* MSButton.swift */ = {isa = PBXFileReference; lastKnownFileType = sourcecode.swift; path = MSButton.swift; sourceTree = "<group>"; };
		38473C2B24255C9D00495685 /* SuperheroCell.swift */ = {isa = PBXFileReference; lastKnownFileType = sourcecode.swift; path = SuperheroCell.swift; sourceTree = "<group>"; };
		38473C2D24255CCD00495685 /* SquadMemberCell.swift */ = {isa = PBXFileReference; lastKnownFileType = sourcecode.swift; path = SquadMemberCell.swift; sourceTree = "<group>"; };
		38473C2F24255D1500495685 /* MarvelNetworking.swift */ = {isa = PBXFileReference; lastKnownFileType = sourcecode.swift; path = MarvelNetworking.swift; sourceTree = "<group>"; };
		38473C3124255D5600495685 /* SuperheroListViewController.swift */ = {isa = PBXFileReference; lastKnownFileType = sourcecode.swift; path = SuperheroListViewController.swift; sourceTree = "<group>"; };
		38473C3524255DF800495685 /* SuperheroDetailViewController.swift */ = {isa = PBXFileReference; lastKnownFileType = sourcecode.swift; path = SuperheroDetailViewController.swift; sourceTree = "<group>"; };
		38473C3824255EC800495685 /* UIViewController+Ext.swift */ = {isa = PBXFileReference; lastKnownFileType = sourcecode.swift; path = "UIViewController+Ext.swift"; sourceTree = "<group>"; };
		38473C3A24263A2500495685 /* HomeViewController.swift */ = {isa = PBXFileReference; lastKnownFileType = sourcecode.swift; path = HomeViewController.swift; sourceTree = "<group>"; };
		38473C3C24264E2700495685 /* SuperheroModel.swift */ = {isa = PBXFileReference; lastKnownFileType = sourcecode.swift; path = SuperheroModel.swift; sourceTree = "<group>"; };
		38473C4124267D4E00495685 /* SquadSupport.swift */ = {isa = PBXFileReference; lastKnownFileType = sourcecode.swift; path = SquadSupport.swift; sourceTree = "<group>"; };
		385B36602427D72400652358 /* MarvelSquadsTests.xctest */ = {isa = PBXFileReference; explicitFileType = wrapper.cfbundle; includeInIndex = 0; path = MarvelSquadsTests.xctest; sourceTree = BUILT_PRODUCTS_DIR; };
		385B36622427D72400652358 /* MarvelSquadsTests.swift */ = {isa = PBXFileReference; lastKnownFileType = sourcecode.swift; path = MarvelSquadsTests.swift; sourceTree = "<group>"; };
		385B36642427D72400652358 /* Info.plist */ = {isa = PBXFileReference; lastKnownFileType = text.plist.xml; path = Info.plist; sourceTree = "<group>"; };
		38DDDC502428DCE40097B6EA /* UIImageView+Ext.swift */ = {isa = PBXFileReference; lastKnownFileType = sourcecode.swift; path = "UIImageView+Ext.swift"; sourceTree = "<group>"; };
		38DDDC522428F2630097B6EA /* ThumbnailSupport.swift */ = {isa = PBXFileReference; lastKnownFileType = sourcecode.swift; path = ThumbnailSupport.swift; sourceTree = "<group>"; };
		38DDDC5424292DA70097B6EA /* ComicModel.swift */ = {isa = PBXFileReference; lastKnownFileType = sourcecode.swift; path = ComicModel.swift; sourceTree = "<group>"; };
		38DDDC58242977B10097B6EA /* Thumbnail.swift */ = {isa = PBXFileReference; lastKnownFileType = sourcecode.swift; path = Thumbnail.swift; sourceTree = "<group>"; };
		38F4289924297DD50026E724 /* ComicCell.swift */ = {isa = PBXFileReference; lastKnownFileType = sourcecode.swift; path = ComicCell.swift; sourceTree = "<group>"; };
/* End PBXFileReference section */

/* Begin PBXFrameworksBuildPhase section */
		38473BF5242553B200495685 /* Frameworks */ = {
			isa = PBXFrameworksBuildPhase;
			buildActionMask = 2147483647;
			files = (
			);
			runOnlyForDeploymentPostprocessing = 0;
		};
		385B365D2427D72400652358 /* Frameworks */ = {
			isa = PBXFrameworksBuildPhase;
			buildActionMask = 2147483647;
			files = (
			);
			runOnlyForDeploymentPostprocessing = 0;
		};
/* End PBXFrameworksBuildPhase section */

/* Begin PBXGroup section */
		38473BEF242553B200495685 = {
			isa = PBXGroup;
			children = (
				38473BFA242553B200495685 /* Marvel-Squad */,
				385B36612427D72400652358 /* MarvelSquadsTests */,
				38473BF9242553B200495685 /* Products */,
			);
			sourceTree = "<group>";
		};
		38473BF9242553B200495685 /* Products */ = {
			isa = PBXGroup;
			children = (
				38473BF8242553B200495685 /* Marvel Squads.app */,
				385B36602427D72400652358 /* MarvelSquadsTests.xctest */,
			);
			name = Products;
			sourceTree = "<group>";
		};
		38473BFA242553B200495685 /* Marvel-Squad */ = {
			isa = PBXGroup;
			children = (
				38473C09242553B400495685 /* Info.plist */,
				38473C1D242553C100495685 /* Main */,
				38473C222425543700495685 /* ViewControllers */,
				38473C212425540000495685 /* Networking */,
				38473C20242553F300495685 /* Model */,
				38473C1E242553DD00495685 /* CustomComponents */,
				38473C4024267D2300495685 /* Support */,
				38473C3724255E9200495685 /* Extentions */,
			);
			path = "Marvel-Squad";
			sourceTree = "<group>";
		};
		38473C1D242553C100495685 /* Main */ = {
			isa = PBXGroup;
			children = (
				38473C01242553B200495685 /* Main.storyboard */,
				38473BFB242553B200495685 /* AppDelegate.swift */,
				38473BFD242553B200495685 /* SceneDelegate.swift */,
				38473C06242553B400495685 /* LaunchScreen.storyboard */,
				38473C04242553B400495685 /* Assets.xcassets */,
			);
			path = Main;
			sourceTree = "<group>";
		};
		38473C1E242553DD00495685 /* CustomComponents */ = {
			isa = PBXGroup;
			children = (
				38473C2324255A4600495685 /* MSAlertViewController.swift */,
				38473C2924255BC300495685 /* MSButton.swift */,
				38473C2524255AB000495685 /* MSBodyLabel.swift */,
				38473C2724255B6C00495685 /* MSTitleLabel.swift */,
				38473C1F242553E900495685 /* CustomCells */,
			);
			path = CustomComponents;
			sourceTree = "<group>";
		};
		38473C1F242553E900495685 /* CustomCells */ = {
			isa = PBXGroup;
			children = (
				38473C2B24255C9D00495685 /* SuperheroCell.swift */,
				38473C2D24255CCD00495685 /* SquadMemberCell.swift */,
				38F4289924297DD50026E724 /* ComicCell.swift */,
			);
			path = CustomCells;
			sourceTree = "<group>";
		};
		38473C20242553F300495685 /* Model */ = {
			isa = PBXGroup;
			children = (
				38473C3C24264E2700495685 /* SuperheroModel.swift */,
				38DDDC5424292DA70097B6EA /* ComicModel.swift */,
				38DDDC58242977B10097B6EA /* Thumbnail.swift */,
			);
			path = Model;
			sourceTree = "<group>";
		};
		38473C212425540000495685 /* Networking */ = {
			isa = PBXGroup;
			children = (
				38473C2F24255D1500495685 /* MarvelNetworking.swift */,
			);
			path = Networking;
			sourceTree = "<group>";
		};
		38473C222425543700495685 /* ViewControllers */ = {
			isa = PBXGroup;
			children = (
				38473C3A24263A2500495685 /* HomeViewController.swift */,
				38473C3124255D5600495685 /* SuperheroListViewController.swift */,
				38473C3524255DF800495685 /* SuperheroDetailViewController.swift */,
			);
			path = ViewControllers;
			sourceTree = "<group>";
		};
		38473C3724255E9200495685 /* Extentions */ = {
			isa = PBXGroup;
			children = (
				38473C3824255EC800495685 /* UIViewController+Ext.swift */,
				38DDDC502428DCE40097B6EA /* UIImageView+Ext.swift */,
			);
			path = Extentions;
			sourceTree = "<group>";
		};
		38473C4024267D2300495685 /* Support */ = {
			isa = PBXGroup;
			children = (
				38473C4124267D4E00495685 /* SquadSupport.swift */,
				38DDDC522428F2630097B6EA /* ThumbnailSupport.swift */,
			);
			path = Support;
			sourceTree = "<group>";
		};
		385B36612427D72400652358 /* MarvelSquadsTests */ = {
			isa = PBXGroup;
			children = (
				385B36622427D72400652358 /* MarvelSquadsTests.swift */,
				385B36642427D72400652358 /* Info.plist */,
			);
			path = MarvelSquadsTests;
			sourceTree = "<group>";
		};
/* End PBXGroup section */

/* Begin PBXNativeTarget section */
		38473BF7242553B200495685 /* Marvel-Squad */ = {
			isa = PBXNativeTarget;
			buildConfigurationList = 38473C17242553B400495685 /* Build configuration list for PBXNativeTarget "Marvel-Squad" */;
			buildPhases = (
				38473BF4242553B200495685 /* Sources */,
				38473BF5242553B200495685 /* Frameworks */,
				38473BF6242553B200495685 /* Resources */,
			);
			buildRules = (
			);
			dependencies = (
			);
			name = "Marvel-Squad";
			productName = "Marvel-Squad";
			productReference = 38473BF8242553B200495685 /* Marvel Squads.app */;
			productType = "com.apple.product-type.application";
		};
		385B365F2427D72400652358 /* MarvelSquadsTests */ = {
			isa = PBXNativeTarget;
			buildConfigurationList = 385B36672427D72400652358 /* Build configuration list for PBXNativeTarget "MarvelSquadsTests" */;
			buildPhases = (
				385B365C2427D72400652358 /* Sources */,
				385B365D2427D72400652358 /* Frameworks */,
				385B365E2427D72400652358 /* Resources */,
			);
			buildRules = (
			);
			dependencies = (
				385B36662427D72400652358 /* PBXTargetDependency */,
			);
			name = MarvelSquadsTests;
			productName = MarvelSquadsTests;
			productReference = 385B36602427D72400652358 /* MarvelSquadsTests.xctest */;
			productType = "com.apple.product-type.bundle.unit-test";
		};
/* End PBXNativeTarget section */

/* Begin PBXProject section */
		38473BF0242553B200495685 /* Project object */ = {
			isa = PBXProject;
			attributes = {
				LastSwiftUpdateCheck = 1130;
				LastUpgradeCheck = 1130;
				ORGANIZATIONNAME = Popdeem;
				TargetAttributes = {
					38473BF7242553B200495685 = {
						CreatedOnToolsVersion = 11.3;
					};
					385B365F2427D72400652358 = {
						CreatedOnToolsVersion = 11.3;
						TestTargetID = 38473BF7242553B200495685;
					};
				};
			};
			buildConfigurationList = 38473BF3242553B200495685 /* Build configuration list for PBXProject "Marvel-Squad" */;
			compatibilityVersion = "Xcode 9.3";
			developmentRegion = en;
			hasScannedForEncodings = 0;
			knownRegions = (
				en,
				Base,
			);
			mainGroup = 38473BEF242553B200495685;
			productRefGroup = 38473BF9242553B200495685 /* Products */;
			projectDirPath = "";
			projectRoot = "";
			targets = (
				38473BF7242553B200495685 /* Marvel-Squad */,
				385B365F2427D72400652358 /* MarvelSquadsTests */,
			);
		};
/* End PBXProject section */

/* Begin PBXResourcesBuildPhase section */
		38473BF6242553B200495685 /* Resources */ = {
			isa = PBXResourcesBuildPhase;
			buildActionMask = 2147483647;
			files = (
				38473C08242553B400495685 /* LaunchScreen.storyboard in Resources */,
				38473C05242553B400495685 /* Assets.xcassets in Resources */,
				38473C03242553B200495685 /* Main.storyboard in Resources */,
			);
			runOnlyForDeploymentPostprocessing = 0;
		};
		385B365E2427D72400652358 /* Resources */ = {
			isa = PBXResourcesBuildPhase;
			buildActionMask = 2147483647;
			files = (
			);
			runOnlyForDeploymentPostprocessing = 0;
		};
/* End PBXResourcesBuildPhase section */

/* Begin PBXSourcesBuildPhase section */
		38473BF4242553B200495685 /* Sources */ = {
			isa = PBXSourcesBuildPhase;
			buildActionMask = 2147483647;
			files = (
				38473C2824255B6C00495685 /* MSTitleLabel.swift in Sources */,
				38473C3924255EC800495685 /* UIViewController+Ext.swift in Sources */,
				38473C3024255D1500495685 /* MarvelNetworking.swift in Sources */,
				38473C3224255D5600495685 /* SuperheroListViewController.swift in Sources */,
				38DDDC532428F2630097B6EA /* ThumbnailSupport.swift in Sources */,
				38DDDC5524292DA70097B6EA /* ComicModel.swift in Sources */,
				38473C3B24263A2500495685 /* HomeViewController.swift in Sources */,
				38473C2A24255BC300495685 /* MSButton.swift in Sources */,
				38473C2C24255C9D00495685 /* SuperheroCell.swift in Sources */,
				38F4289A24297DD50026E724 /* ComicCell.swift in Sources */,
				38473C2424255A4600495685 /* MSAlertViewController.swift in Sources */,
				38DDDC512428DCE40097B6EA /* UIImageView+Ext.swift in Sources */,
				38473BFC242553B200495685 /* AppDelegate.swift in Sources */,
				38473C2624255AB000495685 /* MSBodyLabel.swift in Sources */,
				38473C3624255DF800495685 /* SuperheroDetailViewController.swift in Sources */,
				38473C4224267D4E00495685 /* SquadSupport.swift in Sources */,
				38473C3D24264E2700495685 /* SuperheroModel.swift in Sources */,
				38473C2E24255CCE00495685 /* SquadMemberCell.swift in Sources */,
				38DDDC59242977B10097B6EA /* Thumbnail.swift in Sources */,
				38473BFE242553B200495685 /* SceneDelegate.swift in Sources */,
			);
			runOnlyForDeploymentPostprocessing = 0;
		};
		385B365C2427D72400652358 /* Sources */ = {
			isa = PBXSourcesBuildPhase;
			buildActionMask = 2147483647;
			files = (
				38DF7528242A0E2000AE9045 /* SquadSupport.swift in Sources */,
				38DF752B242A161A00AE9045 /* ThumbnailSupport.swift in Sources */,
				38DF752C242A161E00AE9045 /* Thumbnail.swift in Sources */,
				38DF752E242A162800AE9045 /* SuperheroModel.swift in Sources */,
				38DF752D242A162200AE9045 /* ComicModel.swift in Sources */,
				385B36632427D72400652358 /* MarvelSquadsTests.swift in Sources */,
				38DF752F242A163200AE9045 /* MarvelNetworking.swift in Sources */,
			);
			runOnlyForDeploymentPostprocessing = 0;
		};
/* End PBXSourcesBuildPhase section */

/* Begin PBXTargetDependency section */
		385B36662427D72400652358 /* PBXTargetDependency */ = {
			isa = PBXTargetDependency;
			target = 38473BF7242553B200495685 /* Marvel-Squad */;
			targetProxy = 385B36652427D72400652358 /* PBXContainerItemProxy */;
		};
/* End PBXTargetDependency section */

/* Begin PBXVariantGroup section */
		38473C01242553B200495685 /* Main.storyboard */ = {
			isa = PBXVariantGroup;
			children = (
				38473C02242553B200495685 /* Base */,
			);
			name = Main.storyboard;
			sourceTree = "<group>";
		};
		38473C06242553B400495685 /* LaunchScreen.storyboard */ = {
			isa = PBXVariantGroup;
			children = (
				38473C07242553B400495685 /* Base */,
			);
			name = LaunchScreen.storyboard;
			sourceTree = "<group>";
		};
/* End PBXVariantGroup section */

/* Begin XCBuildConfiguration section */
		38473C15242553B400495685 /* Debug */ = {
			isa = XCBuildConfiguration;
			buildSettings = {
				ALWAYS_SEARCH_USER_PATHS = NO;
				CLANG_ANALYZER_NONNULL = YES;
				CLANG_ANALYZER_NUMBER_OBJECT_CONVERSION = YES_AGGRESSIVE;
				CLANG_CXX_LANGUAGE_STANDARD = "gnu++14";
				CLANG_CXX_LIBRARY = "libc++";
				CLANG_ENABLE_MODULES = YES;
				CLANG_ENABLE_OBJC_ARC = YES;
				CLANG_ENABLE_OBJC_WEAK = YES;
				CLANG_WARN_BLOCK_CAPTURE_AUTORELEASING = YES;
				CLANG_WARN_BOOL_CONVERSION = YES;
				CLANG_WARN_COMMA = YES;
				CLANG_WARN_CONSTANT_CONVERSION = YES;
				CLANG_WARN_DEPRECATED_OBJC_IMPLEMENTATIONS = YES;
				CLANG_WARN_DIRECT_OBJC_ISA_USAGE = YES_ERROR;
				CLANG_WARN_DOCUMENTATION_COMMENTS = YES;
				CLANG_WARN_EMPTY_BODY = YES;
				CLANG_WARN_ENUM_CONVERSION = YES;
				CLANG_WARN_INFINITE_RECURSION = YES;
				CLANG_WARN_INT_CONVERSION = YES;
				CLANG_WARN_NON_LITERAL_NULL_CONVERSION = YES;
				CLANG_WARN_OBJC_IMPLICIT_RETAIN_SELF = YES;
				CLANG_WARN_OBJC_LITERAL_CONVERSION = YES;
				CLANG_WARN_OBJC_ROOT_CLASS = YES_ERROR;
				CLANG_WARN_RANGE_LOOP_ANALYSIS = YES;
				CLANG_WARN_STRICT_PROTOTYPES = YES;
				CLANG_WARN_SUSPICIOUS_MOVE = YES;
				CLANG_WARN_UNGUARDED_AVAILABILITY = YES_AGGRESSIVE;
				CLANG_WARN_UNREACHABLE_CODE = YES;
				CLANG_WARN__DUPLICATE_METHOD_MATCH = YES;
				COPY_PHASE_STRIP = NO;
				DEBUG_INFORMATION_FORMAT = dwarf;
				ENABLE_STRICT_OBJC_MSGSEND = YES;
				ENABLE_TESTABILITY = YES;
				GCC_C_LANGUAGE_STANDARD = gnu11;
				GCC_DYNAMIC_NO_PIC = NO;
				GCC_NO_COMMON_BLOCKS = YES;
				GCC_OPTIMIZATION_LEVEL = 0;
				GCC_PREPROCESSOR_DEFINITIONS = (
					"DEBUG=1",
					"$(inherited)",
				);
				GCC_WARN_64_TO_32_BIT_CONVERSION = YES;
				GCC_WARN_ABOUT_RETURN_TYPE = YES_ERROR;
				GCC_WARN_UNDECLARED_SELECTOR = YES;
				GCC_WARN_UNINITIALIZED_AUTOS = YES_AGGRESSIVE;
				GCC_WARN_UNUSED_FUNCTION = YES;
				GCC_WARN_UNUSED_VARIABLE = YES;
				IPHONEOS_DEPLOYMENT_TARGET = 13.0;
				MTL_ENABLE_DEBUG_INFO = INCLUDE_SOURCE;
				MTL_FAST_MATH = YES;
				ONLY_ACTIVE_ARCH = YES;
				SDKROOT = iphoneos;
				SWIFT_ACTIVE_COMPILATION_CONDITIONS = DEBUG;
				SWIFT_OPTIMIZATION_LEVEL = "-Onone";
			};
			name = Debug;
		};
		38473C16242553B400495685 /* Release */ = {
			isa = XCBuildConfiguration;
			buildSettings = {
				ALWAYS_SEARCH_USER_PATHS = NO;
				CLANG_ANALYZER_NONNULL = YES;
				CLANG_ANALYZER_NUMBER_OBJECT_CONVERSION = YES_AGGRESSIVE;
				CLANG_CXX_LANGUAGE_STANDARD = "gnu++14";
				CLANG_CXX_LIBRARY = "libc++";
				CLANG_ENABLE_MODULES = YES;
				CLANG_ENABLE_OBJC_ARC = YES;
				CLANG_ENABLE_OBJC_WEAK = YES;
				CLANG_WARN_BLOCK_CAPTURE_AUTORELEASING = YES;
				CLANG_WARN_BOOL_CONVERSION = YES;
				CLANG_WARN_COMMA = YES;
				CLANG_WARN_CONSTANT_CONVERSION = YES;
				CLANG_WARN_DEPRECATED_OBJC_IMPLEMENTATIONS = YES;
				CLANG_WARN_DIRECT_OBJC_ISA_USAGE = YES_ERROR;
				CLANG_WARN_DOCUMENTATION_COMMENTS = YES;
				CLANG_WARN_EMPTY_BODY = YES;
				CLANG_WARN_ENUM_CONVERSION = YES;
				CLANG_WARN_INFINITE_RECURSION = YES;
				CLANG_WARN_INT_CONVERSION = YES;
				CLANG_WARN_NON_LITERAL_NULL_CONVERSION = YES;
				CLANG_WARN_OBJC_IMPLICIT_RETAIN_SELF = YES;
				CLANG_WARN_OBJC_LITERAL_CONVERSION = YES;
				CLANG_WARN_OBJC_ROOT_CLASS = YES_ERROR;
				CLANG_WARN_RANGE_LOOP_ANALYSIS = YES;
				CLANG_WARN_STRICT_PROTOTYPES = YES;
				CLANG_WARN_SUSPICIOUS_MOVE = YES;
				CLANG_WARN_UNGUARDED_AVAILABILITY = YES_AGGRESSIVE;
				CLANG_WARN_UNREACHABLE_CODE = YES;
				CLANG_WARN__DUPLICATE_METHOD_MATCH = YES;
				COPY_PHASE_STRIP = NO;
				DEBUG_INFORMATION_FORMAT = "dwarf-with-dsym";
				ENABLE_NS_ASSERTIONS = NO;
				ENABLE_STRICT_OBJC_MSGSEND = YES;
				GCC_C_LANGUAGE_STANDARD = gnu11;
				GCC_NO_COMMON_BLOCKS = YES;
				GCC_WARN_64_TO_32_BIT_CONVERSION = YES;
				GCC_WARN_ABOUT_RETURN_TYPE = YES_ERROR;
				GCC_WARN_UNDECLARED_SELECTOR = YES;
				GCC_WARN_UNINITIALIZED_AUTOS = YES_AGGRESSIVE;
				GCC_WARN_UNUSED_FUNCTION = YES;
				GCC_WARN_UNUSED_VARIABLE = YES;
				IPHONEOS_DEPLOYMENT_TARGET = 13.0;
				MTL_ENABLE_DEBUG_INFO = NO;
				MTL_FAST_MATH = YES;
				SDKROOT = iphoneos;
				SWIFT_COMPILATION_MODE = wholemodule;
				SWIFT_OPTIMIZATION_LEVEL = "-O";
				VALIDATE_PRODUCT = YES;
			};
			name = Release;
		};
		38473C18242553B400495685 /* Debug */ = {
			isa = XCBuildConfiguration;
			buildSettings = {
				ASSETCATALOG_COMPILER_APPICON_NAME = AppIcon;
				CODE_SIGN_STYLE = Automatic;
				DEVELOPMENT_TEAM = S648X26U8J;
				INFOPLIST_FILE = "Marvel-Squad/Info.plist";
				LD_RUNPATH_SEARCH_PATHS = (
					"$(inherited)",
					"@executable_path/Frameworks",
				);
				PRODUCT_BUNDLE_IDENTIFIER = "com.popdeem.Marvel-Squad";
				PRODUCT_NAME = "Marvel Squads";
				SWIFT_VERSION = 5.0;
				TARGETED_DEVICE_FAMILY = 1;
			};
			name = Debug;
		};
		38473C19242553B400495685 /* Release */ = {
			isa = XCBuildConfiguration;
			buildSettings = {
				ASSETCATALOG_COMPILER_APPICON_NAME = AppIcon;
				CODE_SIGN_STYLE = Automatic;
				DEVELOPMENT_TEAM = S648X26U8J;
				INFOPLIST_FILE = "Marvel-Squad/Info.plist";
				LD_RUNPATH_SEARCH_PATHS = (
					"$(inherited)",
					"@executable_path/Frameworks",
				);
				PRODUCT_BUNDLE_IDENTIFIER = "com.popdeem.Marvel-Squad";
				PRODUCT_NAME = "Marvel Squads";
				SWIFT_VERSION = 5.0;
				TARGETED_DEVICE_FAMILY = 1;
			};
			name = Release;
		};
		385B36682427D72400652358 /* Debug */ = {
			isa = XCBuildConfiguration;
			buildSettings = {
				BUNDLE_LOADER = "$(TEST_HOST)";
				CODE_SIGN_STYLE = Automatic;
				DEVELOPMENT_TEAM = S648X26U8J;
				INFOPLIST_FILE = MarvelSquadsTests/Info.plist;
				IPHONEOS_DEPLOYMENT_TARGET = 13.2;
				LD_RUNPATH_SEARCH_PATHS = (
					"$(inherited)",
					"@executable_path/Frameworks",
					"@loader_path/Frameworks",
				);
				PRODUCT_BUNDLE_IDENTIFIER = com.popdeem.MarvelSquadsTests;
				PRODUCT_NAME = "$(TARGET_NAME)";
				SWIFT_VERSION = 5.0;
				TARGETED_DEVICE_FAMILY = "1,2";
				TEST_HOST = "$(BUILT_PRODUCTS_DIR)/Marvel Squads.app/Marvel Squads";
			};
			name = Debug;
		};
		385B36692427D72400652358 /* Release */ = {
			isa = XCBuildConfiguration;
			buildSettings = {
				BUNDLE_LOADER = "$(TEST_HOST)";
				CODE_SIGN_STYLE = Automatic;
				DEVELOPMENT_TEAM = S648X26U8J;
				INFOPLIST_FILE = MarvelSquadsTests/Info.plist;
				IPHONEOS_DEPLOYMENT_TARGET = 13.2;
				LD_RUNPATH_SEARCH_PATHS = (
					"$(inherited)",
					"@executable_path/Frameworks",
					"@loader_path/Frameworks",
				);
				PRODUCT_BUNDLE_IDENTIFIER = com.popdeem.MarvelSquadsTests;
				PRODUCT_NAME = "$(TARGET_NAME)";
				SWIFT_VERSION = 5.0;
				TARGETED_DEVICE_FAMILY = "1,2";
				TEST_HOST = "$(BUILT_PRODUCTS_DIR)/Marvel Squads.app/Marvel Squads";
			};
			name = Release;
		};
/* End XCBuildConfiguration section */

/* Begin XCConfigurationList section */
		38473BF3242553B200495685 /* Build configuration list for PBXProject "Marvel-Squad" */ = {
			isa = XCConfigurationList;
			buildConfigurations = (
				38473C15242553B400495685 /* Debug */,
				38473C16242553B400495685 /* Release */,
			);
			defaultConfigurationIsVisible = 0;
			defaultConfigurationName = Release;
		};
		38473C17242553B400495685 /* Build configuration list for PBXNativeTarget "Marvel-Squad" */ = {
			isa = XCConfigurationList;
			buildConfigurations = (
				38473C18242553B400495685 /* Debug */,
				38473C19242553B400495685 /* Release */,
			);
			defaultConfigurationIsVisible = 0;
			defaultConfigurationName = Release;
		};
		385B36672427D72400652358 /* Build configuration list for PBXNativeTarget "MarvelSquadsTests" */ = {
			isa = XCConfigurationList;
			buildConfigurations = (
				385B36682427D72400652358 /* Debug */,
				385B36692427D72400652358 /* Release */,
			);
			defaultConfigurationIsVisible = 0;
			defaultConfigurationName = Release;
		};
/* End XCConfigurationList section */
	};
	rootObject = 38473BF0242553B200495685 /* Project object */;
}
